github.com/gorilla/websocket v1.5.0 h1:PPwGk2jz7EePpoHN/+ClbZu8SPxiqlu12wZP/3sWmnc=
github.com/gorilla/websocket v1.5.0/go.mod h1:YR8l580nyteQvAITg2hZ9XVh4b55+EU/adAjf1fMHhE=
github.com/jbloxsome/raptor/orderbook v0.0.0-20220527171206-0884d3234ae5 h1:B2L2R8Ck5vaMv8w51ErtKUIUuSeRD578/VBXjKYjs9A=
github.com/jbloxsome/raptor/orderbook v0.0.0-20220527171206-0884d3234ae5/go.mod h1:2JhG5HDfW9YhLZrPgdD5uJUinxKqS+vvyR7myqm2Sdg=
